
Microsoft Visual Studio Solution File, Format Version 12.00
# Visual Studio Version 16
VisualStudioVersion = 16.0.29806.167
MinimumVisualStudioVersion = 10.0.40219.1
Project("{9A19103F-16F7-4668-BE54-9A1E7A4F7556}") = "Xam.Plugin.SimpleAppIntro", "Xam.Plugin.SimpleAppIntro\Xam.Plugin.SimpleAppIntro.csproj", "{B1713272-7846-4D56-BA62-E0FE48035F6F}"
EndProject
Project("{2150E333-8FDC-42A3-9474-1A3956D46DE8}") = "Solution Files", "Solution Files", "{DE20AECD-1F81-4BD7-B47D-5F26A3448D85}"
	ProjectSection(SolutionItems) = preProject
		.gitignore = .gitignore
		LICENSE = LICENSE
		NuGet.config = NuGet.config
		README.md = README.md
	EndProjectSection
EndProject
Global
	GlobalSection(SolutionConfigurationPlatforms) = preSolution
		Debug|Any CPU = Debug|Any CPU
		Release|Any CPU = Release|Any CPU
	EndGlobalSection
	GlobalSection(ProjectConfigurationPlatforms) = postSolution
		{B1713272-7846-4D56-BA62-E0FE48035F6F}.Debug|Any CPU.ActiveCfg = Debug|Any CPU
		{B1713272-7846-4D56-BA62-E0FE48035F6F}.Debug|Any CPU.Build.0 = Debug|Any CPU
		{B1713272-7846-4D56-BA62-E0FE48035F6F}.Release|Any CPU.ActiveCfg = Release|Any CPU
		{B1713272-7846-4D56-BA62-E0FE48035F6F}.Release|Any CPU.Build.0 = Release|Any CPU
	EndGlobalSection
	GlobalSection(SolutionProperties) = preSolution
		HideSolutionNode = FALSE
	EndGlobalSection
	GlobalSection(ExtensibilityGlobals) = postSolution
		SolutionGuid = {26EB7723-6E11-4E3D-A0CE-26B4EE96D546}
	EndGlobalSection
EndGlobal
