
Microsoft Visual Studio Solution File, Format Version 12.00
# Visual Studio 15
VisualStudioVersion = 15.0.27703.2035
MinimumVisualStudioVersion = 10.0.40219.1
Project("{FAE04EC0-301F-11D3-BF4B-00C04F79EFBC}") = "Xam.Plugin.SimpleAppIntro.Samples.Android", "Xam.Plugin.SimpleAppIntro.Samples\Xam.Plugin.SimpleAppIntro.Samples.Android\Xam.Plugin.SimpleAppIntro.Samples.Android.csproj", "{529ED51A-23A1-4C25-922D-C5A5DE916012}"
EndProject
Project("{FAE04EC0-301F-11D3-BF4B-00C04F79EFBC}") = "Xam.Plugin.SimpleAppIntro.Samples.iOS", "Xam.Plugin.SimpleAppIntro.Samples\Xam.Plugin.SimpleAppIntro.Samples.iOS\Xam.Plugin.SimpleAppIntro.Samples.iOS.csproj", "{CDBC7DCE-C6A1-44DF-839A-457FE3CF54C9}"
EndProject
Project("{9A19103F-16F7-4668-BE54-9A1E7A4F7556}") = "Xam.Plugin.SimpleAppIntro.Samples", "Xam.Plugin.SimpleAppIntro.Samples\Xam.Plugin.SimpleAppIntro.Samples\Xam.Plugin.SimpleAppIntro.Samples.csproj", "{12DE8FF2-F020-44B9-970D-E64912C16FA8}"
EndProject
Project("{9A19103F-16F7-4668-BE54-9A1E7A4F7556}") = "Xam.Plugin.SimpleAppIntro", "..\Xam.Plugin.SimpleAppIntro\Xam.Plugin.SimpleAppIntro.csproj", "{797C54D5-E351-4A46-80D8-64B8834CB251}"
EndProject
Project("{2150E333-8FDC-42A3-9474-1A3956D46DE8}") = "SimpleAppIntro", "SimpleAppIntro", "{97A76B93-0FBE-4941-ACCA-CD4A8AC0EA9E}"
EndProject
Global
	GlobalSection(SolutionConfigurationPlatforms) = preSolution
		Ad-Hoc|Any CPU = Ad-Hoc|Any CPU
		Ad-Hoc|iPhone = Ad-Hoc|iPhone
		Ad-Hoc|iPhoneSimulator = Ad-Hoc|iPhoneSimulator
		AppStore|Any CPU = AppStore|Any CPU
		AppStore|iPhone = AppStore|iPhone
		AppStore|iPhoneSimulator = AppStore|iPhoneSimulator
		Debug|Any CPU = Debug|Any CPU
		Debug|iPhone = Debug|iPhone
		Debug|iPhoneSimulator = Debug|iPhoneSimulator
		Release|Any CPU = Release|Any CPU
		Release|iPhone = Release|iPhone
		Release|iPhoneSimulator = Release|iPhoneSimulator
	EndGlobalSection
	GlobalSection(ProjectConfigurationPlatforms) = postSolution
		{529ED51A-23A1-4C25-922D-C5A5DE916012}.Ad-Hoc|Any CPU.ActiveCfg = Release|Any CPU
		{529ED51A-23A1-4C25-922D-C5A5DE916012}.Ad-Hoc|Any CPU.Build.0 = Release|Any CPU
		{529ED51A-23A1-4C25-922D-C5A5DE916012}.Ad-Hoc|Any CPU.Deploy.0 = Release|Any CPU
		{529ED51A-23A1-4C25-922D-C5A5DE916012}.Ad-Hoc|iPhone.ActiveCfg = Release|Any CPU
		{529ED51A-23A1-4C25-922D-C5A5DE916012}.Ad-Hoc|iPhone.Build.0 = Release|Any CPU
		{529ED51A-23A1-4C25-922D-C5A5DE916012}.Ad-Hoc|iPhone.Deploy.0 = Release|Any CPU
		{529ED51A-23A1-4C25-922D-C5A5DE916012}.Ad-Hoc|iPhoneSimulator.ActiveCfg = Release|Any CPU
		{529ED51A-23A1-4C25-922D-C5A5DE916012}.Ad-Hoc|iPhoneSimulator.Build.0 = Release|Any CPU
		{529ED51A-23A1-4C25-922D-C5A5DE916012}.Ad-Hoc|iPhoneSimulator.Deploy.0 = Release|Any CPU
		{529ED51A-23A1-4C25-922D-C5A5DE916012}.AppStore|Any CPU.ActiveCfg = Release|Any CPU
		{529ED51A-23A1-4C25-922D-C5A5DE916012}.AppStore|Any CPU.Build.0 = Release|Any CPU
		{529ED51A-23A1-4C25-922D-C5A5DE916012}.AppStore|Any CPU.Deploy.0 = Release|Any CPU
		{529ED51A-23A1-4C25-922D-C5A5DE916012}.AppStore|iPhone.ActiveCfg = Release|Any CPU
		{529ED51A-23A1-4C25-922D-C5A5DE916012}.AppStore|iPhone.Build.0 = Release|Any CPU
		{529ED51A-23A1-4C25-922D-C5A5DE916012}.AppStore|iPhone.Deploy.0 = Release|Any CPU
		{529ED51A-23A1-4C25-922D-C5A5DE916012}.AppStore|iPhoneSimulator.ActiveCfg = Release|Any CPU
		{529ED51A-23A1-4C25-922D-C5A5DE916012}.AppStore|iPhoneSimulator.Build.0 = Release|Any CPU
		{529ED51A-23A1-4C25-922D-C5A5DE916012}.AppStore|iPhoneSimulator.Deploy.0 = Release|Any CPU
		{529ED51A-23A1-4C25-922D-C5A5DE916012}.Debug|Any CPU.ActiveCfg = Debug|Any CPU
		{529ED51A-23A1-4C25-922D-C5A5DE916012}.Debug|Any CPU.Build.0 = Debug|Any CPU
		{529ED51A-23A1-4C25-922D-C5A5DE916012}.Debug|Any CPU.Deploy.0 = Debug|Any CPU
		{529ED51A-23A1-4C25-922D-C5A5DE916012}.Debug|iPhone.ActiveCfg = Debug|Any CPU
		{529ED51A-23A1-4C25-922D-C5A5DE916012}.Debug|iPhone.Build.0 = Debug|Any CPU
		{529ED51A-23A1-4C25-922D-C5A5DE916012}.Debug|iPhone.Deploy.0 = Debug|Any CPU
		{529ED51A-23A1-4C25-922D-C5A5DE916012}.Debug|iPhoneSimulator.ActiveCfg = Debug|Any CPU
		{529ED51A-23A1-4C25-922D-C5A5DE916012}.Debug|iPhoneSimulator.Build.0 = Debug|Any CPU
		{529ED51A-23A1-4C25-922D-C5A5DE916012}.Debug|iPhoneSimulator.Deploy.0 = Debug|Any CPU
		{529ED51A-23A1-4C25-922D-C5A5DE916012}.Release|Any CPU.ActiveCfg = Release|Any CPU
		{529ED51A-23A1-4C25-922D-C5A5DE916012}.Release|Any CPU.Build.0 = Release|Any CPU
		{529ED51A-23A1-4C25-922D-C5A5DE916012}.Release|Any CPU.Deploy.0 = Release|Any CPU
		{529ED51A-23A1-4C25-922D-C5A5DE916012}.Release|iPhone.ActiveCfg = Release|Any CPU
		{529ED51A-23A1-4C25-922D-C5A5DE916012}.Release|iPhone.Build.0 = Release|Any CPU
		{529ED51A-23A1-4C25-922D-C5A5DE916012}.Release|iPhone.Deploy.0 = Release|Any CPU
		{529ED51A-23A1-4C25-922D-C5A5DE916012}.Release|iPhoneSimulator.ActiveCfg = Release|Any CPU
		{529ED51A-23A1-4C25-922D-C5A5DE916012}.Release|iPhoneSimulator.Build.0 = Release|Any CPU
		{529ED51A-23A1-4C25-922D-C5A5DE916012}.Release|iPhoneSimulator.Deploy.0 = Release|Any CPU
		{CDBC7DCE-C6A1-44DF-839A-457FE3CF54C9}.Ad-Hoc|Any CPU.ActiveCfg = Ad-Hoc|iPhone
		{CDBC7DCE-C6A1-44DF-839A-457FE3CF54C9}.Ad-Hoc|Any CPU.Build.0 = Ad-Hoc|iPhone
		{CDBC7DCE-C6A1-44DF-839A-457FE3CF54C9}.Ad-Hoc|Any CPU.Deploy.0 = Ad-Hoc|iPhone
		{CDBC7DCE-C6A1-44DF-839A-457FE3CF54C9}.Ad-Hoc|iPhone.ActiveCfg = Ad-Hoc|iPhone
		{CDBC7DCE-C6A1-44DF-839A-457FE3CF54C9}.Ad-Hoc|iPhone.Build.0 = Ad-Hoc|iPhone
		{CDBC7DCE-C6A1-44DF-839A-457FE3CF54C9}.Ad-Hoc|iPhone.Deploy.0 = Ad-Hoc|iPhone
		{CDBC7DCE-C6A1-44DF-839A-457FE3CF54C9}.Ad-Hoc|iPhoneSimulator.ActiveCfg = Ad-Hoc|iPhoneSimulator
		{CDBC7DCE-C6A1-44DF-839A-457FE3CF54C9}.Ad-Hoc|iPhoneSimulator.Build.0 = Ad-Hoc|iPhoneSimulator
		{CDBC7DCE-C6A1-44DF-839A-457FE3CF54C9}.Ad-Hoc|iPhoneSimulator.Deploy.0 = Ad-Hoc|iPhoneSimulator
		{CDBC7DCE-C6A1-44DF-839A-457FE3CF54C9}.AppStore|Any CPU.ActiveCfg = AppStore|iPhone
		{CDBC7DCE-C6A1-44DF-839A-457FE3CF54C9}.AppStore|Any CPU.Build.0 = AppStore|iPhone
		{CDBC7DCE-C6A1-44DF-839A-457FE3CF54C9}.AppStore|Any CPU.Deploy.0 = AppStore|iPhone
		{CDBC7DCE-C6A1-44DF-839A-457FE3CF54C9}.AppStore|iPhone.ActiveCfg = AppStore|iPhone
		{CDBC7DCE-C6A1-44DF-839A-457FE3CF54C9}.AppStore|iPhone.Build.0 = AppStore|iPhone
		{CDBC7DCE-C6A1-44DF-839A-457FE3CF54C9}.AppStore|iPhone.Deploy.0 = AppStore|iPhone
		{CDBC7DCE-C6A1-44DF-839A-457FE3CF54C9}.AppStore|iPhoneSimulator.ActiveCfg = AppStore|iPhoneSimulator
		{CDBC7DCE-C6A1-44DF-839A-457FE3CF54C9}.AppStore|iPhoneSimulator.Build.0 = AppStore|iPhoneSimulator
		{CDBC7DCE-C6A1-44DF-839A-457FE3CF54C9}.AppStore|iPhoneSimulator.Deploy.0 = AppStore|iPhoneSimulator
		{CDBC7DCE-C6A1-44DF-839A-457FE3CF54C9}.Debug|Any CPU.ActiveCfg = Debug|iPhoneSimulator
		{CDBC7DCE-C6A1-44DF-839A-457FE3CF54C9}.Debug|Any CPU.Build.0 = Debug|iPhoneSimulator
		{CDBC7DCE-C6A1-44DF-839A-457FE3CF54C9}.Debug|Any CPU.Deploy.0 = Debug|iPhoneSimulator
		{CDBC7DCE-C6A1-44DF-839A-457FE3CF54C9}.Debug|iPhone.ActiveCfg = Debug|iPhone
		{CDBC7DCE-C6A1-44DF-839A-457FE3CF54C9}.Debug|iPhone.Build.0 = Debug|iPhone
		{CDBC7DCE-C6A1-44DF-839A-457FE3CF54C9}.Debug|iPhone.Deploy.0 = Debug|iPhone
		{CDBC7DCE-C6A1-44DF-839A-457FE3CF54C9}.Debug|iPhoneSimulator.ActiveCfg = Debug|iPhoneSimulator
		{CDBC7DCE-C6A1-44DF-839A-457FE3CF54C9}.Debug|iPhoneSimulator.Build.0 = Debug|iPhoneSimulator
		{CDBC7DCE-C6A1-44DF-839A-457FE3CF54C9}.Debug|iPhoneSimulator.Deploy.0 = Debug|iPhoneSimulator
		{CDBC7DCE-C6A1-44DF-839A-457FE3CF54C9}.Release|Any CPU.ActiveCfg = Release|iPhone
		{CDBC7DCE-C6A1-44DF-839A-457FE3CF54C9}.Release|Any CPU.Build.0 = Release|iPhone
		{CDBC7DCE-C6A1-44DF-839A-457FE3CF54C9}.Release|Any CPU.Deploy.0 = Release|iPhone
		{CDBC7DCE-C6A1-44DF-839A-457FE3CF54C9}.Release|iPhone.ActiveCfg = Release|iPhone
		{CDBC7DCE-C6A1-44DF-839A-457FE3CF54C9}.Release|iPhone.Build.0 = Release|iPhone
		{CDBC7DCE-C6A1-44DF-839A-457FE3CF54C9}.Release|iPhone.Deploy.0 = Release|iPhone
		{CDBC7DCE-C6A1-44DF-839A-457FE3CF54C9}.Release|iPhoneSimulator.ActiveCfg = Release|iPhoneSimulator
		{CDBC7DCE-C6A1-44DF-839A-457FE3CF54C9}.Release|iPhoneSimulator.Build.0 = Release|iPhoneSimulator
		{CDBC7DCE-C6A1-44DF-839A-457FE3CF54C9}.Release|iPhoneSimulator.Deploy.0 = Release|iPhoneSimulator
		{12DE8FF2-F020-44B9-970D-E64912C16FA8}.Ad-Hoc|Any CPU.ActiveCfg = Debug|Any CPU
		{12DE8FF2-F020-44B9-970D-E64912C16FA8}.Ad-Hoc|Any CPU.Build.0 = Debug|Any CPU
		{12DE8FF2-F020-44B9-970D-E64912C16FA8}.Ad-Hoc|Any CPU.Deploy.0 = Debug|Any CPU
		{12DE8FF2-F020-44B9-970D-E64912C16FA8}.Ad-Hoc|iPhone.ActiveCfg = Debug|Any CPU
		{12DE8FF2-F020-44B9-970D-E64912C16FA8}.Ad-Hoc|iPhone.Build.0 = Debug|Any CPU
		{12DE8FF2-F020-44B9-970D-E64912C16FA8}.Ad-Hoc|iPhone.Deploy.0 = Debug|Any CPU
		{12DE8FF2-F020-44B9-970D-E64912C16FA8}.Ad-Hoc|iPhoneSimulator.ActiveCfg = Debug|Any CPU
		{12DE8FF2-F020-44B9-970D-E64912C16FA8}.Ad-Hoc|iPhoneSimulator.Build.0 = Debug|Any CPU
		{12DE8FF2-F020-44B9-970D-E64912C16FA8}.Ad-Hoc|iPhoneSimulator.Deploy.0 = Debug|Any CPU
		{12DE8FF2-F020-44B9-970D-E64912C16FA8}.AppStore|Any CPU.ActiveCfg = Debug|Any CPU
		{12DE8FF2-F020-44B9-970D-E64912C16FA8}.AppStore|Any CPU.Build.0 = Debug|Any CPU
		{12DE8FF2-F020-44B9-970D-E64912C16FA8}.AppStore|Any CPU.Deploy.0 = Debug|Any CPU
		{12DE8FF2-F020-44B9-970D-E64912C16FA8}.AppStore|iPhone.ActiveCfg = Debug|Any CPU
		{12DE8FF2-F020-44B9-970D-E64912C16FA8}.AppStore|iPhone.Build.0 = Debug|Any CPU
		{12DE8FF2-F020-44B9-970D-E64912C16FA8}.AppStore|iPhone.Deploy.0 = Debug|Any CPU
		{12DE8FF2-F020-44B9-970D-E64912C16FA8}.AppStore|iPhoneSimulator.ActiveCfg = Debug|Any CPU
		{12DE8FF2-F020-44B9-970D-E64912C16FA8}.AppStore|iPhoneSimulator.Build.0 = Debug|Any CPU
		{12DE8FF2-F020-44B9-970D-E64912C16FA8}.AppStore|iPhoneSimulator.Deploy.0 = Debug|Any CPU
		{12DE8FF2-F020-44B9-970D-E64912C16FA8}.Debug|Any CPU.ActiveCfg = Debug|Any CPU
		{12DE8FF2-F020-44B9-970D-E64912C16FA8}.Debug|Any CPU.Build.0 = Debug|Any CPU
		{12DE8FF2-F020-44B9-970D-E64912C16FA8}.Debug|Any CPU.Deploy.0 = Debug|Any CPU
		{12DE8FF2-F020-44B9-970D-E64912C16FA8}.Debug|iPhone.ActiveCfg = Debug|Any CPU
		{12DE8FF2-F020-44B9-970D-E64912C16FA8}.Debug|iPhone.Build.0 = Debug|Any CPU
		{12DE8FF2-F020-44B9-970D-E64912C16FA8}.Debug|iPhone.Deploy.0 = Debug|Any CPU
		{12DE8FF2-F020-44B9-970D-E64912C16FA8}.Debug|iPhoneSimulator.ActiveCfg = Debug|Any CPU
		{12DE8FF2-F020-44B9-970D-E64912C16FA8}.Debug|iPhoneSimulator.Build.0 = Debug|Any CPU
		{12DE8FF2-F020-44B9-970D-E64912C16FA8}.Debug|iPhoneSimulator.Deploy.0 = Debug|Any CPU
		{12DE8FF2-F020-44B9-970D-E64912C16FA8}.Release|Any CPU.ActiveCfg = Release|Any CPU
		{12DE8FF2-F020-44B9-970D-E64912C16FA8}.Release|Any CPU.Build.0 = Release|Any CPU
		{12DE8FF2-F020-44B9-970D-E64912C16FA8}.Release|Any CPU.Deploy.0 = Release|Any CPU
		{12DE8FF2-F020-44B9-970D-E64912C16FA8}.Release|iPhone.ActiveCfg = Release|Any CPU
		{12DE8FF2-F020-44B9-970D-E64912C16FA8}.Release|iPhone.Build.0 = Release|Any CPU
		{12DE8FF2-F020-44B9-970D-E64912C16FA8}.Release|iPhone.Deploy.0 = Release|Any CPU
		{12DE8FF2-F020-44B9-970D-E64912C16FA8}.Release|iPhoneSimulator.ActiveCfg = Release|Any CPU
		{12DE8FF2-F020-44B9-970D-E64912C16FA8}.Release|iPhoneSimulator.Build.0 = Release|Any CPU
		{12DE8FF2-F020-44B9-970D-E64912C16FA8}.Release|iPhoneSimulator.Deploy.0 = Release|Any CPU
		{797C54D5-E351-4A46-80D8-64B8834CB251}.Ad-Hoc|Any CPU.ActiveCfg = Debug|Any CPU
		{797C54D5-E351-4A46-80D8-64B8834CB251}.Ad-Hoc|Any CPU.Build.0 = Debug|Any CPU
		{797C54D5-E351-4A46-80D8-64B8834CB251}.Ad-Hoc|iPhone.ActiveCfg = Debug|Any CPU
		{797C54D5-E351-4A46-80D8-64B8834CB251}.Ad-Hoc|iPhone.Build.0 = Debug|Any CPU
		{797C54D5-E351-4A46-80D8-64B8834CB251}.Ad-Hoc|iPhoneSimulator.ActiveCfg = Debug|Any CPU
		{797C54D5-E351-4A46-80D8-64B8834CB251}.Ad-Hoc|iPhoneSimulator.Build.0 = Debug|Any CPU
		{797C54D5-E351-4A46-80D8-64B8834CB251}.AppStore|Any CPU.ActiveCfg = Debug|Any CPU
		{797C54D5-E351-4A46-80D8-64B8834CB251}.AppStore|Any CPU.Build.0 = Debug|Any CPU
		{797C54D5-E351-4A46-80D8-64B8834CB251}.AppStore|iPhone.ActiveCfg = Debug|Any CPU
		{797C54D5-E351-4A46-80D8-64B8834CB251}.AppStore|iPhone.Build.0 = Debug|Any CPU
		{797C54D5-E351-4A46-80D8-64B8834CB251}.AppStore|iPhoneSimulator.ActiveCfg = Debug|Any CPU
		{797C54D5-E351-4A46-80D8-64B8834CB251}.AppStore|iPhoneSimulator.Build.0 = Debug|Any CPU
		{797C54D5-E351-4A46-80D8-64B8834CB251}.Debug|Any CPU.ActiveCfg = Debug|Any CPU
		{797C54D5-E351-4A46-80D8-64B8834CB251}.Debug|Any CPU.Build.0 = Debug|Any CPU
		{797C54D5-E351-4A46-80D8-64B8834CB251}.Debug|iPhone.ActiveCfg = Debug|Any CPU
		{797C54D5-E351-4A46-80D8-64B8834CB251}.Debug|iPhone.Build.0 = Debug|Any CPU
		{797C54D5-E351-4A46-80D8-64B8834CB251}.Debug|iPhoneSimulator.ActiveCfg = Debug|Any CPU
		{797C54D5-E351-4A46-80D8-64B8834CB251}.Debug|iPhoneSimulator.Build.0 = Debug|Any CPU
		{797C54D5-E351-4A46-80D8-64B8834CB251}.Release|Any CPU.ActiveCfg = Release|Any CPU
		{797C54D5-E351-4A46-80D8-64B8834CB251}.Release|Any CPU.Build.0 = Release|Any CPU
		{797C54D5-E351-4A46-80D8-64B8834CB251}.Release|iPhone.ActiveCfg = Release|Any CPU
		{797C54D5-E351-4A46-80D8-64B8834CB251}.Release|iPhone.Build.0 = Release|Any CPU
		{797C54D5-E351-4A46-80D8-64B8834CB251}.Release|iPhoneSimulator.ActiveCfg = Release|Any CPU
		{797C54D5-E351-4A46-80D8-64B8834CB251}.Release|iPhoneSimulator.Build.0 = Release|Any CPU
	EndGlobalSection
	GlobalSection(SolutionProperties) = preSolution
		HideSolutionNode = FALSE
	EndGlobalSection
	GlobalSection(NestedProjects) = preSolution
		{797C54D5-E351-4A46-80D8-64B8834CB251} = {97A76B93-0FBE-4941-ACCA-CD4A8AC0EA9E}
	EndGlobalSection
	GlobalSection(ExtensibilityGlobals) = postSolution
		SolutionGuid = {73B8A861-EF8D-469B-A6CC-E0EC6DD0D504}
	EndGlobalSection
EndGlobal
